
Microsoft Visual Studio Solution File, Format Version 12.00
# Visual Studio Version 17
VisualStudioVersion = 17.14.37216.2 d17.14
MinimumVisualStudioVersion = 10.0.40219.1
Project("{FAE04EC0-301F-11D3-BF4B-00C04F79EFBC}") = "SharedKernel", "SharedKernel\SharedKernel.csproj", "{6C28D7E0-4404-4182-AA94-5823FA74A63B}"
EndProject
Global
	GlobalSection(SolutionConfigurationPlatforms) = preSolution
		Debug|Any CPU = Debug|Any CPU
		Release|Any CPU = Release|Any CPU
	EndGlobalSection
	GlobalSection(ProjectConfigurationPlatforms) = postSolution
		{6C28D7E0-4404-4182-AA94-5823FA74A63B}.Debug|Any CPU.ActiveCfg = Debug|Any CPU
		{6C28D7E0-4404-4182-AA94-5823FA74A63B}.Debug|Any CPU.Build.0 = Debug|Any CPU
		{6C28D7E0-4404-4182-AA94-5823FA74A63B}.Release|Any CPU.ActiveCfg = Release|Any CPU
		{6C28D7E0-4404-4182-AA94-5823FA74A63B}.Release|Any CPU.Build.0 = Release|Any CPU
	EndGlobalSection
	GlobalSection(SolutionProperties) = preSolution
		HideSolutionNode = FALSE
	EndGlobalSection
	GlobalSection(ExtensibilityGlobals) = postSolution
		SolutionGuid = {035AC34C-5E59-4CF4-B19E-3ECE0B12844B}
	EndGlobalSection
EndGlobal
